
Microsoft Visual Studio Solution File, Format Version 12.00
# Visual Studio Version 17
VisualStudioVersion = 17.5.002.0
MinimumVisualStudioVersion = 10.0.40219.1
Project("{9A19103F-16F7-4668-BE54-9A1E7A4F7556}") = "Library", "Library\Library.csproj", "{CAA899D0-13F8-4445-B5DF-1A8CD8BABC13}"
EndProject
Project("{9A19103F-16F7-4668-BE54-9A1E7A4F7556}") = "Program", "Program\Program.csproj", "{9F9486F6-E8DC-47EB-AE63-F267DF969758}"
EndProject
Global
	GlobalSection(SolutionConfigurationPlatforms) = preSolution
		Debug|Any CPU = Debug|Any CPU
		Release|Any CPU = Release|Any CPU
	EndGlobalSection
	GlobalSection(ProjectConfigurationPlatforms) = postSolution
		{CAA899D0-13F8-4445-B5DF-1A8CD8BABC13}.Debug|Any CPU.ActiveCfg = Debug|Any CPU
		{CAA899D0-13F8-4445-B5DF-1A8CD8BABC13}.Debug|Any CPU.Build.0 = Debug|Any CPU
		{CAA899D0-13F8-4445-B5DF-1A8CD8BABC13}.Release|Any CPU.ActiveCfg = Release|Any CPU
		{CAA899D0-13F8-4445-B5DF-1A8CD8BABC13}.Release|Any CPU.Build.0 = Release|Any CPU
		{9F9486F6-E8DC-47EB-AE63-F267DF969758}.Debug|Any CPU.ActiveCfg = Debug|Any CPU
		{9F9486F6-E8DC-47EB-AE63-F267DF969758}.Debug|Any CPU.Build.0 = Debug|Any CPU
		{9F9486F6-E8DC-47EB-AE63-F267DF969758}.Release|Any CPU.ActiveCfg = Release|Any CPU
		{9F9486F6-E8DC-47EB-AE63-F267DF969758}.Release|Any CPU.Build.0 = Release|Any CPU
	EndGlobalSection
	GlobalSection(SolutionProperties) = preSolution
		HideSolutionNode = FALSE
	EndGlobalSection
	GlobalSection(ExtensibilityGlobals) = postSolution
		SolutionGuid = {95C43654-EFF9-4702-8EC1-D7CC55D16C95}
	EndGlobalSection
EndGlobal
